
Microsoft Visual Studio Solution File, Format Version 12.00
# Visual Studio Version 16
VisualStudioVersion = 16.0.30114.105
MinimumVisualStudioVersion = 10.0.40219.1
Project("{F2A71F9B-5D33-465A-A702-920D77279786}") = "Institis.Giraffe.OData.Routing", "..\libs\Institis.Giraffe.OData.Routing\Institis.Giraffe.OData.Routing.fsproj", "{D7A96BF5-6F4F-4CFE-AD8F-DCC34E6E7A83}"
EndProject
Project("{F2A71F9B-5D33-465A-A702-920D77279786}") = "Institis.Giraffe.OData.Routing.Tests", "..\libs\Institis.Giraffe.OData.Routing.Tests\Institis.Giraffe.OData.Routing.Tests.fsproj", "{F69D7526-1A43-4152-97A8-9AC8A9F493FE}"
EndProject
Global
	GlobalSection(SolutionProperties) = preSolution
		HideSolutionNode = FALSE
	EndGlobalSection
	GlobalSection(SolutionConfigurationPlatforms) = preSolution
		Debug|Any CPU = Debug|Any CPU
		Debug|x64 = Debug|x64
		Debug|x86 = Debug|x86
		Release|Any CPU = Release|Any CPU
		Release|x64 = Release|x64
		Release|x86 = Release|x86
	EndGlobalSection
	GlobalSection(ProjectConfigurationPlatforms) = postSolution
		{D7A96BF5-6F4F-4CFE-AD8F-DCC34E6E7A83}.Debug|Any CPU.ActiveCfg = Debug|Any CPU
		{D7A96BF5-6F4F-4CFE-AD8F-DCC34E6E7A83}.Debug|Any CPU.Build.0 = Debug|Any CPU
		{D7A96BF5-6F4F-4CFE-AD8F-DCC34E6E7A83}.Debug|x64.ActiveCfg = Debug|Any CPU
		{D7A96BF5-6F4F-4CFE-AD8F-DCC34E6E7A83}.Debug|x64.Build.0 = Debug|Any CPU
		{D7A96BF5-6F4F-4CFE-AD8F-DCC34E6E7A83}.Debug|x86.ActiveCfg = Debug|Any CPU
		{D7A96BF5-6F4F-4CFE-AD8F-DCC34E6E7A83}.Debug|x86.Build.0 = Debug|Any CPU
		{D7A96BF5-6F4F-4CFE-AD8F-DCC34E6E7A83}.Release|Any CPU.ActiveCfg = Release|Any CPU
		{D7A96BF5-6F4F-4CFE-AD8F-DCC34E6E7A83}.Release|Any CPU.Build.0 = Release|Any CPU
		{D7A96BF5-6F4F-4CFE-AD8F-DCC34E6E7A83}.Release|x64.ActiveCfg = Release|Any CPU
		{D7A96BF5-6F4F-4CFE-AD8F-DCC34E6E7A83}.Release|x64.Build.0 = Release|Any CPU
		{D7A96BF5-6F4F-4CFE-AD8F-DCC34E6E7A83}.Release|x86.ActiveCfg = Release|Any CPU
		{D7A96BF5-6F4F-4CFE-AD8F-DCC34E6E7A83}.Release|x86.Build.0 = Release|Any CPU
		{F69D7526-1A43-4152-97A8-9AC8A9F493FE}.Debug|Any CPU.ActiveCfg = Debug|Any CPU
		{F69D7526-1A43-4152-97A8-9AC8A9F493FE}.Debug|Any CPU.Build.0 = Debug|Any CPU
		{F69D7526-1A43-4152-97A8-9AC8A9F493FE}.Debug|x64.ActiveCfg = Debug|Any CPU
		{F69D7526-1A43-4152-97A8-9AC8A9F493FE}.Debug|x64.Build.0 = Debug|Any CPU
		{F69D7526-1A43-4152-97A8-9AC8A9F493FE}.Debug|x86.ActiveCfg = Debug|Any CPU
		{F69D7526-1A43-4152-97A8-9AC8A9F493FE}.Debug|x86.Build.0 = Debug|Any CPU
		{F69D7526-1A43-4152-97A8-9AC8A9F493FE}.Release|Any CPU.ActiveCfg = Release|Any CPU
		{F69D7526-1A43-4152-97A8-9AC8A9F493FE}.Release|Any CPU.Build.0 = Release|Any CPU
		{F69D7526-1A43-4152-97A8-9AC8A9F493FE}.Release|x64.ActiveCfg = Release|Any CPU
		{F69D7526-1A43-4152-97A8-9AC8A9F493FE}.Release|x64.Build.0 = Release|Any CPU
		{F69D7526-1A43-4152-97A8-9AC8A9F493FE}.Release|x86.ActiveCfg = Release|Any CPU
		{F69D7526-1A43-4152-97A8-9AC8A9F493FE}.Release|x86.Build.0 = Release|Any CPU
	EndGlobalSection
EndGlobal
